# THIS IS AN AUTOGENERATED FILE. DO NOT EDIT THIS FILE DIRECTLY.
# yarn lockfile v1


bootstrap@^4.1.1:
  version "4.1.1"
  resolved "https://registry.yarnpkg.com/bootstrap/-/bootstrap-4.1.1.tgz#3aec85000fa619085da8d2e4983dfd67cf2114cb"

ngx-bootstrap@^3.0.0:
  version "3.0.0"
  resolved "https://registry.yarnpkg.com/ngx-bootstrap/-/ngx-bootstrap-3.0.0.tgz#563368404dd71962e2ef8eee21794c6aeaab4490"
